// !$*UTF8*$!
{
	archiveVersion = 1;
	classes = {
	};
	objectVersion = 46;
	objects = {

/* Begin PBXBuildFile section */
		BFEBE4FB1D3D1ABE004A24A3 /* AppDelegate.swift in Sources */ = {isa = PBXBuildFile; fileRef = BFEBE4FA1D3D1ABE004A24A3 /* AppDelegate.swift */; };
		BFEBE4FD1D3D1ABE004A24A3 /* FaceViewController.swift in Sources */ = {isa = PBXBuildFile; fileRef = BFEBE4FC1D3D1ABE004A24A3 /* FaceViewController.swift */; };
		BFEBE5001D3D1ABE004A24A3 /* Main.storyboard in Resources */ = {isa = PBXBuildFile; fileRef = BFEBE4FE1D3D1ABE004A24A3 /* Main.storyboard */; };
		BFEBE5021D3D1ABE004A24A3 /* Assets.xcassets in Resources */ = {isa = PBXBuildFile; fileRef = BFEBE5011D3D1ABE004A24A3 /* Assets.xcassets */; };
		BFEBE5051D3D1ABE004A24A3 /* LaunchScreen.storyboard in Resources */ = {isa = PBXBuildFile; fileRef = BFEBE5031D3D1ABE004A24A3 /* LaunchScreen.storyboard */; };
		BFEBE50E1D3D1C35004A24A3 /* FaceView.swift in Sources */ = {isa = PBXBuildFile; fileRef = BFEBE50D1D3D1C35004A24A3 /* FaceView.swift */; };
/* End PBXBuildFile section */

/* Begin PBXFileReference section */
		BFEBE4F71D3D1ABE004A24A3 /* Faceit.app */ = {isa = PBXFileReference; explicitFileType = wrapper.application; includeInIndex = 0; path = Faceit.app; sourceTree = BUILT_PRODUCTS_DIR; };
		BFEBE4FA1D3D1ABE004A24A3 /* AppDelegate.swift */ = {isa = PBXFileReference; lastKnownFileType = sourcecode.swift; path = AppDelegate.swift; sourceTree = "<group>"; };
		BFEBE4FC1D3D1ABE004A24A3 /* FaceViewController.swift */ = {isa = PBXFileReference; lastKnownFileType = sourcecode.swift; path = FaceViewController.swift; sourceTree = "<group>"; };
		BFEBE4FF1D3D1ABE004A24A3 /* Base */ = {isa = PBXFileReference; lastKnownFileType = file.storyboard; name = Base; path = Base.lproj/Main.storyboard; sourceTree = "<group>"; };
		BFEBE5011D3D1ABE004A24A3 /* Assets.xcassets */ = {isa = PBXFileReference; lastKnownFileType = folder.assetcatalog; path = Assets.xcassets; sourceTree = "<group>"; };
		BFEBE5041D3D1ABE004A24A3 /* Base */ = {isa = PBXFileReference; lastKnownFileType = file.storyboard; name = Base; path = Base.lproj/LaunchScreen.storyboard; sourceTree = "<group>"; };
		BFEBE5061D3D1ABE004A24A3 /* Info.plist */ = {isa = PBXFileReference; lastKnownFileType = text.plist.xml; path = Info.plist; sourceTree = "<group>"; };
		BFEBE50D1D3D1C35004A24A3 /* FaceView.swift */ = {isa = PBXFileReference; fileEncoding = 4; lastKnownFileType = sourcecode.swift; path = FaceView.swift; sourceTree = "<group>"; };
/* End PBXFileReference section */

/* Begin PBXFrameworksBuildPhase section */
		BFEBE4F41D3D1ABE004A24A3 /* Frameworks */ = {
			isa = PBXFrameworksBuildPhase;
			buildActionMask = 2147483647;
			files = (
			);
			runOnlyForDeploymentPostprocessing = 0;
		};
/* End PBXFrameworksBuildPhase section */

/* Begin PBXGroup section */
		BFEBE4EE1D3D1ABE004A24A3 = {
			isa = PBXGroup;
			children = (
				BFEBE4F91D3D1ABE004A24A3 /* Faceit */,
				BFEBE4F81D3D1ABE004A24A3 /* Products */,
			);
			sourceTree = "<group>";
		};
		BFEBE4F81D3D1ABE004A24A3 /* Products */ = {
			isa = PBXGroup;
			children = (
				BFEBE4F71D3D1ABE004A24A3 /* Faceit.app */,
			);
			name = Products;
			sourceTree = "<group>";
		};
		BFEBE4F91D3D1ABE004A24A3 /* Faceit */ = {
			isa = PBXGroup;
			children = (
				BFEBE4FC1D3D1ABE004A24A3 /* FaceViewController.swift */,
				BFEBE50D1D3D1C35004A24A3 /* FaceView.swift */,
				BFEBE4FE1D3D1ABE004A24A3 /* Main.storyboard */,
				BFEBE50C1D3D1B3C004A24A3 /* Supporting Files */,
			);
			path = Faceit;
			sourceTree = "<group>";
		};
		BFEBE50C1D3D1B3C004A24A3 /* Supporting Files */ = {
			isa = PBXGroup;
			children = (
				BFEBE4FA1D3D1ABE004A24A3 /* AppDelegate.swift */,
				BFEBE5011D3D1ABE004A24A3 /* Assets.xcassets */,
				BFEBE5031D3D1ABE004A24A3 /* LaunchScreen.storyboard */,
				BFEBE5061D3D1ABE004A24A3 /* Info.plist */,
			);
			name = "Supporting Files";
			sourceTree = "<group>";
		};
/* End PBXGroup section */

/* Begin PBXNativeTarget section */
		BFEBE4F61D3D1ABE004A24A3 /* Faceit */ = {
			isa = PBXNativeTarget;
			buildConfigurationList = BFEBE5091D3D1ABE004A24A3 /* Build configuration list for PBXNativeTarget "Faceit" */;
			buildPhases = (
				BFEBE4F31D3D1ABE004A24A3 /* Sources */,
				BFEBE4F41D3D1ABE004A24A3 /* Frameworks */,
				BFEBE4F51D3D1ABE004A24A3 /* Resources */,
			);
			buildRules = (
			);
			dependencies = (
			);
			name = Faceit;
			productName = Faceit;
			productReference = BFEBE4F71D3D1ABE004A24A3 /* Faceit.app */;
			productType = "com.apple.product-type.application";
		};
/* End PBXNativeTarget section */

/* Begin PBXProject section */
		BFEBE4EF1D3D1ABE004A24A3 /* Project object */ = {
			isa = PBXProject;
			attributes = {
				LastSwiftUpdateCheck = 0730;
				LastUpgradeCheck = 0730;
				ORGANIZATIONNAME = Hanz;
				TargetAttributes = {
					BFEBE4F61D3D1ABE004A24A3 = {
						CreatedOnToolsVersion = 7.3;
						DevelopmentTeam = 2765SKLS4R;
					};
				};
			};
			buildConfigurationList = BFEBE4F21D3D1ABE004A24A3 /* Build configuration list for PBXProject "Faceit" */;
			compatibilityVersion = "Xcode 3.2";
			developmentRegion = English;
			hasScannedForEncodings = 0;
			knownRegions = (
				en,
				Base,
			);
			mainGroup = BFEBE4EE1D3D1ABE004A24A3;
			productRefGroup = BFEBE4F81D3D1ABE004A24A3 /* Products */;
			projectDirPath = "";
			projectRoot = "";
			targets = (
				BFEBE4F61D3D1ABE004A24A3 /* Faceit */,
			);
		};
/* End PBXProject section */

/* Begin PBXResourcesBuildPhase section */
		BFEBE4F51D3D1ABE004A24A3 /* Resources */ = {
			isa = PBXResourcesBuildPhase;
			buildActionMask = 2147483647;
			files = (
				BFEBE5051D3D1ABE004A24A3 /* LaunchScreen.storyboard in Resources */,
				BFEBE5021D3D1ABE004A24A3 /* Assets.xcassets in Resources */,
				BFEBE5001D3D1ABE004A24A3 /* Main.storyboard in Resources */,
			);
			runOnlyForDeploymentPostprocessing = 0;
		};
/* End PBXResourcesBuildPhase section */

/* Begin PBXSourcesBuildPhase section */
		BFEBE4F31D3D1ABE004A24A3 /* Sources */ = {
			isa = PBXSourcesBuildPhase;
			buildActionMask = 2147483647;
			files = (
				BFEBE4FD1D3D1ABE004A24A3 /* FaceViewController.swift in Sources */,
				BFEBE4FB1D3D1ABE004A24A3 /* AppDelegate.swift in Sources */,
				BFEBE50E1D3D1C35004A24A3 /* FaceView.swift in Sources */,
			);
			runOnlyForDeploymentPostprocessing = 0;
		};
/* End PBXSourcesBuildPhase section */

/* Begin PBXVariantGroup section */
		BFEBE4FE1D3D1ABE004A24A3 /* Main.storyboard */ = {
			isa = PBXVariantGroup;
			children = (
				BFEBE4FF1D3D1ABE004A24A3 /* Base */,
			);
			name = Main.storyboard;
			sourceTree = "<group>";
		};
		BFEBE5031D3D1ABE004A24A3 /* LaunchScreen.storyboard */ = {
			isa = PBXVariantGroup;
			children = (
				BFEBE5041D3D1ABE004A24A3 /* Base */,
			);
			name = LaunchScreen.storyboard;
			sourceTree = "<group>";
		};
/* End PBXVariantGroup section */

/* Begin XCBuildConfiguration section */
		BFEBE5071D3D1ABE004A24A3 /* Debug */ = {
			isa = XCBuildConfiguration;
			buildSettings = {
				ALWAYS_SEARCH_USER_PATHS = NO;
				CLANG_ANALYZER_NONNULL = YES;
				CLANG_CXX_LANGUAGE_STANDARD = "gnu++0x";
				CLANG_CXX_LIBRARY = "libc++";
				CLANG_ENABLE_MODULES = YES;
				CLANG_ENABLE_OBJC_ARC = YES;
				CLANG_WARN_BOOL_CONVERSION = YES;
				CLANG_WARN_CONSTANT_CONVERSION = YES;
				CLANG_WARN_DIRECT_OBJC_ISA_USAGE = YES_ERROR;
				CLANG_WARN_EMPTY_BODY = YES;
				CLANG_WARN_ENUM_CONVERSION = YES;
				CLANG_WARN_INT_CONVERSION = YES;
				CLANG_WARN_OBJC_ROOT_CLASS = YES_ERROR;
				CLANG_WARN_UNREACHABLE_CODE = YES;
				CLANG_WARN__DUPLICATE_METHOD_MATCH = YES;
				"CODE_SIGN_IDENTITY[sdk=iphoneos*]" = "iPhone Developer";
				COPY_PHASE_STRIP = NO;
				DEBUG_INFORMATION_FORMAT = dwarf;
				ENABLE_STRICT_OBJC_MSGSEND = YES;
				ENABLE_TESTABILITY = YES;
				GCC_C_LANGUAGE_STANDARD = gnu99;
				GCC_DYNAMIC_NO_PIC = NO;
				GCC_NO_COMMON_BLOCKS = YES;
				GCC_OPTIMIZATION_LEVEL = 0;
				GCC_PREPROCESSOR_DEFINITIONS = (
					"DEBUG=1",
					"$(inherited)",
				);
				GCC_WARN_64_TO_32_BIT_CONVERSION = YES;
				GCC_WARN_ABOUT_RETURN_TYPE = YES_ERROR;
				GCC_WARN_UNDECLARED_SELECTOR = YES;
				GCC_WARN_UNINITIALIZED_AUTOS = YES_AGGRESSIVE;
				GCC_WARN_UNUSED_FUNCTION = YES;
				GCC_WARN_UNUSED_VARIABLE = YES;
				IPHONEOS_DEPLOYMENT_TARGET = 9.3;
				MTL_ENABLE_DEBUG_INFO = YES;
				ONLY_ACTIVE_ARCH = YES;
				SDKROOT = iphoneos;
				SWIFT_OPTIMIZATION_LEVEL = "-Onone";
				TARGETED_DEVICE_FAMILY = "1,2";
			};
			name = Debug;
		};
		BFEBE5081D3D1ABE004A24A3 /* Release */ = {
			isa = XCBuildConfiguration;
			buildSettings = {
				ALWAYS_SEARCH_USER_PATHS = NO;
				CLANG_ANALYZER_NONNULL = YES;
				CLANG_CXX_LANGUAGE_STANDARD = "gnu++0x";
				CLANG_CXX_LIBRARY = "libc++";
				CLANG_ENABLE_MODULES = YES;
				CLANG_ENABLE_OBJC_ARC = YES;
				CLANG_WARN_BOOL_CONVERSION = YES;
				CLANG_WARN_CONSTANT_CONVERSION = YES;
				CLANG_WARN_DIRECT_OBJC_ISA_USAGE = YES_ERROR;
				CLANG_WARN_EMPTY_BODY = YES;
				CLANG_WARN_ENUM_CONVERSION = YES;
				CLANG_WARN_INT_CONVERSION = YES;
				CLANG_WARN_OBJC_ROOT_CLASS = YES_ERROR;
				CLANG_WARN_UNREACHABLE_CODE = YES;
				CLANG_WARN__DUPLICATE_METHOD_MATCH = YES;
				"CODE_SIGN_IDENTITY[sdk=iphoneos*]" = "iPhone Developer";
				COPY_PHASE_STRIP = NO;
				DEBUG_INFORMATION_FORMAT = "dwarf-with-dsym";
				ENABLE_NS_ASSERTIONS = NO;
				ENABLE_STRICT_OBJC_MSGSEND = YES;
				GCC_C_LANGUAGE_STANDARD = gnu99;
				GCC_NO_COMMON_BLOCKS = YES;
				GCC_WARN_64_TO_32_BIT_CONVERSION = YES;
				GCC_WARN_ABOUT_RETURN_TYPE = YES_ERROR;
				GCC_WARN_UNDECLARED_SELECTOR = YES;
				GCC_WARN_UNINITIALIZED_AUTOS = YES_AGGRESSIVE;
				GCC_WARN_UNUSED_FUNCTION = YES;
				GCC_WARN_UNUSED_VARIABLE = YES;
				IPHONEOS_DEPLOYMENT_TARGET = 9.3;
				MTL_ENABLE_DEBUG_INFO = NO;
				SDKROOT = iphoneos;
				TARGETED_DEVICE_FAMILY = "1,2";
				VALIDATE_PRODUCT = YES;
			};
			name = Release;
		};
		BFEBE50A1D3D1ABE004A24A3 /* Debug */ = {
			isa = XCBuildConfiguration;
			buildSettings = {
				ASSETCATALOG_COMPILER_APPICON_NAME = AppIcon;
				CODE_SIGN_IDENTITY = "iPhone Developer";
				"CODE_SIGN_IDENTITY[sdk=iphoneos*]" = "iPhone Developer";
				INFOPLIST_FILE = Faceit/Info.plist;
				LD_RUNPATH_SEARCH_PATHS = "$(inherited) @executable_path/Frameworks";
				PRODUCT_BUNDLE_IDENTIFIER = hanzzou.Faceit;
				PRODUCT_NAME = "$(TARGET_NAME)";
				PROVISIONING_PROFILE = "";
			};
			name = Debug;
		};
		BFEBE50B1D3D1ABE004A24A3 /* Release */ = {
			isa = XCBuildConfiguration;
			buildSettings = {
				ASSETCATALOG_COMPILER_APPICON_NAME = AppIcon;
				CODE_SIGN_IDENTITY = "iPhone Developer";
				"CODE_SIGN_IDENTITY[sdk=iphoneos*]" = "iPhone Developer";
				INFOPLIST_FILE = Faceit/Info.plist;
				LD_RUNPATH_SEARCH_PATHS = "$(inherited) @executable_path/Frameworks";
				PRODUCT_BUNDLE_IDENTIFIER = hanzzou.Faceit;
				PRODUCT_NAME = "$(TARGET_NAME)";
				PROVISIONING_PROFILE = "";
			};
			name = Release;
		};
/* End XCBuildConfiguration section */

/* Begin XCConfigurationList section */
		BFEBE4F21D3D1ABE004A24A3 /* Build configuration list for PBXProject "Faceit" */ = {
			isa = XCConfigurationList;
			buildConfigurations = (
				BFEBE5071D3D1ABE004A24A3 /* Debug */,
				BFEBE5081D3D1ABE004A24A3 /* Release */,
			);
			defaultConfigurationIsVisible = 0;
			defaultConfigurationName = Release;
		};
		BFEBE5091D3D1ABE004A24A3 /* Build configuration list for PBXNativeTarget "Faceit" */ = {
			isa = XCConfigurationList;
			buildConfigurations = (
				BFEBE50A1D3D1ABE004A24A3 /* Debug */,
				BFEBE50B1D3D1ABE004A24A3 /* Release */,
			);
			defaultConfigurationIsVisible = 0;
		};
/* End XCConfigurationList section */
	};
	rootObject = BFEBE4EF1D3D1ABE004A24A3 /* Project object */;
}
